
Microsoft Visual Studio Solution File, Format Version 12.00
# Visual Studio Version 16
VisualStudioVersion = 16.0.810.21
MinimumVisualStudioVersion = 10.0.40219.1
Project("{FAE04EC0-301F-11D3-BF4B-00C04F79EFBC}") = "RubricaBis", "RubricaBis\RubricaBis.csproj", "{3A2E8B82-E1FA-4298-BE2D-ED587E7DCC78}"
EndProject
Global
	GlobalSection(SolutionConfigurationPlatforms) = preSolution
		Debug|Any CPU = Debug|Any CPU
		Release|Any CPU = Release|Any CPU
	EndGlobalSection
	GlobalSection(ProjectConfigurationPlatforms) = postSolution
		{3A2E8B82-E1FA-4298-BE2D-ED587E7DCC78}.Debug|Any CPU.ActiveCfg = Debug|Any CPU
		{3A2E8B82-E1FA-4298-BE2D-ED587E7DCC78}.Debug|Any CPU.Build.0 = Debug|Any CPU
		{3A2E8B82-E1FA-4298-BE2D-ED587E7DCC78}.Release|Any CPU.ActiveCfg = Release|Any CPU
		{3A2E8B82-E1FA-4298-BE2D-ED587E7DCC78}.Release|Any CPU.Build.0 = Release|Any CPU
	EndGlobalSection
	GlobalSection(SolutionProperties) = preSolution
		HideSolutionNode = FALSE
	EndGlobalSection
	GlobalSection(ExtensibilityGlobals) = postSolution
		SolutionGuid = {4E9C54AE-5282-4F37-85A6-93F749CF4952}
	EndGlobalSection
EndGlobal
