
Microsoft Visual Studio Solution File, Format Version 12.00
# Visual Studio Version 16
VisualStudioVersion = 16.0.810.21
MinimumVisualStudioVersion = 10.0.40219.1
Project("{FAE04EC0-301F-11D3-BF4B-00C04F79EFBC}") = "magazzinoDress", "magazzinoDress\magazzinoDress.csproj", "{C08DE7D5-999B-4730-B879-74B39A6F403E}"
EndProject
Global
	GlobalSection(SolutionConfigurationPlatforms) = preSolution
		Debug|Any CPU = Debug|Any CPU
		Release|Any CPU = Release|Any CPU
	EndGlobalSection
	GlobalSection(ProjectConfigurationPlatforms) = postSolution
		{C08DE7D5-999B-4730-B879-74B39A6F403E}.Debug|Any CPU.ActiveCfg = Debug|Any CPU
		{C08DE7D5-999B-4730-B879-74B39A6F403E}.Debug|Any CPU.Build.0 = Debug|Any CPU
		{C08DE7D5-999B-4730-B879-74B39A6F403E}.Release|Any CPU.ActiveCfg = Release|Any CPU
		{C08DE7D5-999B-4730-B879-74B39A6F403E}.Release|Any CPU.Build.0 = Release|Any CPU
	EndGlobalSection
	GlobalSection(SolutionProperties) = preSolution
		HideSolutionNode = FALSE
	EndGlobalSection
	GlobalSection(ExtensibilityGlobals) = postSolution
		SolutionGuid = {9EB5C02D-1D70-4CA4-83E7-B649EBE01D3E}
	EndGlobalSection
EndGlobal
