
Microsoft Visual Studio Solution File, Format Version 12.00
# Visual Studio Version 16
VisualStudioVersion = 16.0.810.21
MinimumVisualStudioVersion = 10.0.40219.1
Project("{FAE04EC0-301F-11D3-BF4B-00C04F79EFBC}") = "PrestiFastFinanziaria", "PrestiFastFinanziaria\PrestiFastFinanziaria.csproj", "{8233C421-D627-4295-893A-A2A93D9C8C69}"
EndProject
Global
	GlobalSection(SolutionConfigurationPlatforms) = preSolution
		Debug|Any CPU = Debug|Any CPU
		Release|Any CPU = Release|Any CPU
	EndGlobalSection
	GlobalSection(ProjectConfigurationPlatforms) = postSolution
		{8233C421-D627-4295-893A-A2A93D9C8C69}.Debug|Any CPU.ActiveCfg = Debug|Any CPU
		{8233C421-D627-4295-893A-A2A93D9C8C69}.Debug|Any CPU.Build.0 = Debug|Any CPU
		{8233C421-D627-4295-893A-A2A93D9C8C69}.Release|Any CPU.ActiveCfg = Release|Any CPU
		{8233C421-D627-4295-893A-A2A93D9C8C69}.Release|Any CPU.Build.0 = Release|Any CPU
	EndGlobalSection
	GlobalSection(SolutionProperties) = preSolution
		HideSolutionNode = FALSE
	EndGlobalSection
	GlobalSection(ExtensibilityGlobals) = postSolution
		SolutionGuid = {7A3F9A02-D875-4723-8949-C1F20D3CCC4C}
	EndGlobalSection
EndGlobal
