
Microsoft Visual Studio Solution File, Format Version 12.00
# Visual Studio Version 16
VisualStudioVersion = 16.0.810.20
MinimumVisualStudioVersion = 10.0.40219.1
Project("{FAE04EC0-301F-11D3-BF4B-00C04F79EFBC}") = "NuovoProgetto2", "NuovoProgetto2\NuovoProgetto2.csproj", "{DD32EB86-448A-4DA7-8CFA-117F13F401BF}"
EndProject
Global
	GlobalSection(SolutionConfigurationPlatforms) = preSolution
		Debug|anycpu = Debug|anycpu
		Release|anycpu = Release|anycpu
	EndGlobalSection
	GlobalSection(ProjectConfigurationPlatforms) = postSolution
		{DD32EB86-448A-4DA7-8CFA-117F13F401BF}.Debug|anycpu.ActiveCfg = Debug|anycpu
		{DD32EB86-448A-4DA7-8CFA-117F13F401BF}.Debug|anycpu.Build.0 = Debug|anycpu
		{DD32EB86-448A-4DA7-8CFA-117F13F401BF}.Release|anycpu.ActiveCfg = Release|anycpu
		{DD32EB86-448A-4DA7-8CFA-117F13F401BF}.Release|anycpu.Build.0 = Release|anycpu
	EndGlobalSection
	GlobalSection(SolutionProperties) = preSolution
		HideSolutionNode = FALSE
	EndGlobalSection
	GlobalSection(ExtensibilityGlobals) = postSolution
		SolutionGuid = {C1D9D36D-5291-4F37-AE14-70B40340D74E}
	EndGlobalSection
EndGlobal
