
Microsoft Visual Studio Solution File, Format Version 12.00
# Visual Studio Version 16
VisualStudioVersion = 16.0.810.21
MinimumVisualStudioVersion = 10.0.40219.1
Project("{FAE04EC0-301F-11D3-BF4B-00C04F79EFBC}") = "Archivio", "Archivio\Archivio.csproj", "{D6A9873C-47BC-4CAF-A5CE-85FDF04C1468}"
EndProject
Global
	GlobalSection(SolutionConfigurationPlatforms) = preSolution
		Debug|Any CPU = Debug|Any CPU
		Release|Any CPU = Release|Any CPU
	EndGlobalSection
	GlobalSection(ProjectConfigurationPlatforms) = postSolution
		{D6A9873C-47BC-4CAF-A5CE-85FDF04C1468}.Debug|Any CPU.ActiveCfg = Debug|Any CPU
		{D6A9873C-47BC-4CAF-A5CE-85FDF04C1468}.Debug|Any CPU.Build.0 = Debug|Any CPU
		{D6A9873C-47BC-4CAF-A5CE-85FDF04C1468}.Release|Any CPU.ActiveCfg = Release|Any CPU
		{D6A9873C-47BC-4CAF-A5CE-85FDF04C1468}.Release|Any CPU.Build.0 = Release|Any CPU
	EndGlobalSection
	GlobalSection(SolutionProperties) = preSolution
		HideSolutionNode = FALSE
	EndGlobalSection
	GlobalSection(ExtensibilityGlobals) = postSolution
		SolutionGuid = {C34FE40C-1EA9-43C2-9111-30E3E52A5B45}
	EndGlobalSection
EndGlobal
